
Microsoft Visual Studio Solution File, Format Version 12.00
# Visual Studio Version 17
VisualStudioVersion = 17.6.33723.286
MinimumVisualStudioVersion = 10.0.40219.1
Project("{FAE04EC0-301F-11D3-BF4B-00C04F79EFBC}") = "Lab1UniOS", "Lab1UniOS\Lab1UniOS.csproj", "{22E97A89-5573-4C69-916C-C599564E0E64}"
EndProject
Global
	GlobalSection(SolutionConfigurationPlatforms) = preSolution
		Debug|Any CPU = Debug|Any CPU
		Release|Any CPU = Release|Any CPU
	EndGlobalSection
	GlobalSection(ProjectConfigurationPlatforms) = postSolution
		{22E97A89-5573-4C69-916C-C599564E0E64}.Debug|Any CPU.ActiveCfg = Debug|Any CPU
		{22E97A89-5573-4C69-916C-C599564E0E64}.Debug|Any CPU.Build.0 = Debug|Any CPU
		{22E97A89-5573-4C69-916C-C599564E0E64}.Release|Any CPU.ActiveCfg = Release|Any CPU
		{22E97A89-5573-4C69-916C-C599564E0E64}.Release|Any CPU.Build.0 = Release|Any CPU
	EndGlobalSection
	GlobalSection(SolutionProperties) = preSolution
		HideSolutionNode = FALSE
	EndGlobalSection
	GlobalSection(ExtensibilityGlobals) = postSolution
		SolutionGuid = {2FE5E488-6768-43B4-AB37-ACF0512EE0BF}
	EndGlobalSection
EndGlobal
